// !$*UTF8*$!
{
	archiveVersion = 1;
	classes = {
	};
	objectVersion = 56;
	objects = {

/* Begin PBXBuildFile section */
		31029B2F2B46915F00F32A66 /* ThreadsCloneApp.swift in Sources */ = {isa = PBXBuildFile; fileRef = 31029B2E2B46915F00F32A66 /* ThreadsCloneApp.swift */; };
		31029B312B46915F00F32A66 /* ContentView.swift in Sources */ = {isa = PBXBuildFile; fileRef = 31029B302B46915F00F32A66 /* ContentView.swift */; };
		31029B332B46916000F32A66 /* Assets.xcassets in Resources */ = {isa = PBXBuildFile; fileRef = 31029B322B46916000F32A66 /* Assets.xcassets */; };
		31029B362B46916000F32A66 /* Preview Assets.xcassets in Resources */ = {isa = PBXBuildFile; fileRef = 31029B352B46916000F32A66 /* Preview Assets.xcassets */; };
		31029B462B4692B300F32A66 /* LoginView.swift in Sources */ = {isa = PBXBuildFile; fileRef = 31029B452B4692B300F32A66 /* LoginView.swift */; };
		31029B482B469BBB00F32A66 /* RegistrationView.swift in Sources */ = {isa = PBXBuildFile; fileRef = 31029B472B469BBB00F32A66 /* RegistrationView.swift */; };
		31029B4B2B469E6600F32A66 /* UmbrellaTextFieldModifier.swift in Sources */ = {isa = PBXBuildFile; fileRef = 31029B4A2B469E6600F32A66 /* UmbrellaTextFieldModifier.swift */; };
		31029B4E2B46A63900F32A66 /* UmbrellaTabView.swift in Sources */ = {isa = PBXBuildFile; fileRef = 31029B4D2B46A63900F32A66 /* UmbrellaTabView.swift */; };
		31029B522B46AB2200F32A66 /* FeedView.swift in Sources */ = {isa = PBXBuildFile; fileRef = 31029B512B46AB2200F32A66 /* FeedView.swift */; };
		31029B562B46AB7900F32A66 /* ExploreView.swift in Sources */ = {isa = PBXBuildFile; fileRef = 31029B552B46AB7900F32A66 /* ExploreView.swift */; };
		31029B5A2B46ABE700F32A66 /* CreateThreadView.swift in Sources */ = {isa = PBXBuildFile; fileRef = 31029B592B46ABE700F32A66 /* CreateThreadView.swift */; };
		31029B5E2B46AC7500F32A66 /* ActivityView.swift in Sources */ = {isa = PBXBuildFile; fileRef = 31029B5D2B46AC7500F32A66 /* ActivityView.swift */; };
		31029B632B46ACB200F32A66 /* ProfileView.swift in Sources */ = {isa = PBXBuildFile; fileRef = 31029B622B46ACB200F32A66 /* ProfileView.swift */; };
		3104D1CE2B526A0F00335602 /* RegistrationViewModel.swift in Sources */ = {isa = PBXBuildFile; fileRef = 3104D1CD2B526A0F00335602 /* RegistrationViewModel.swift */; };
		3104D1D02B526B7000335602 /* AuthService.swift in Sources */ = {isa = PBXBuildFile; fileRef = 3104D1CF2B526B7000335602 /* AuthService.swift */; };
		3104D1D42B527AE200335602 /* ContentViewModel.swift in Sources */ = {isa = PBXBuildFile; fileRef = 3104D1D32B527AE200335602 /* ContentViewModel.swift */; };
		3104D1D62B52884800335602 /* LoginViewModel.swift in Sources */ = {isa = PBXBuildFile; fileRef = 3104D1D52B52884800335602 /* LoginViewModel.swift */; };
		312190082B5037C4003EA4C5 /* FirebaseAuth in Frameworks */ = {isa = PBXBuildFile; productRef = 312190072B5037C4003EA4C5 /* FirebaseAuth */; };
		3121900A2B5037F2003EA4C5 /* FirebaseFirestore in Frameworks */ = {isa = PBXBuildFile; productRef = 312190092B5037F2003EA4C5 /* FirebaseFirestore */; };
		3121900C2B5037F2003EA4C5 /* FirebaseFirestoreSwift in Frameworks */ = {isa = PBXBuildFile; productRef = 3121900B2B5037F2003EA4C5 /* FirebaseFirestoreSwift */; };
		3121900E2B503817003EA4C5 /* FirebaseStorage in Frameworks */ = {isa = PBXBuildFile; productRef = 3121900D2B503817003EA4C5 /* FirebaseStorage */; };
		31390A992B52BDD200E7B9B6 /* User.swift in Sources */ = {isa = PBXBuildFile; fileRef = 31390A982B52BDD200E7B9B6 /* User.swift */; };
		31390A9B2B52C2B700E7B9B6 /* UserService.swift in Sources */ = {isa = PBXBuildFile; fileRef = 31390A9A2B52C2B700E7B9B6 /* UserService.swift */; };
		31390A9E2B52C54C00E7B9B6 /* ProfileViewModel.swift in Sources */ = {isa = PBXBuildFile; fileRef = 31390A9D2B52C54C00E7B9B6 /* ProfileViewModel.swift */; };
		317248F52B493D4E00758348 /* ThreadCell.swift in Sources */ = {isa = PBXBuildFile; fileRef = 317248F42B493D4E00758348 /* ThreadCell.swift */; };
		317248F82B496D8D00758348 /* CircularProfileImageView.swift in Sources */ = {isa = PBXBuildFile; fileRef = 317248F72B496D8D00758348 /* CircularProfileImageView.swift */; };
		317248FA2B496E5000758348 /* UserCell.swift in Sources */ = {isa = PBXBuildFile; fileRef = 317248F92B496E5000758348 /* UserCell.swift */; };
		31A5F4942B4AB5DB002052B9 /* ProfileThreadFilter.swift in Sources */ = {isa = PBXBuildFile; fileRef = 31A5F4932B4AB5DA002052B9 /* ProfileThreadFilter.swift */; };
		31A5F4982B4BD62B002052B9 /* EditProfileView.swift in Sources */ = {isa = PBXBuildFile; fileRef = 31A5F4972B4BD62B002052B9 /* EditProfileView.swift */; };
		31FD73F42B50352C00077315 /* GoogleService-Info.plist in Resources */ = {isa = PBXBuildFile; fileRef = 31FD73F32B50352C00077315 /* GoogleService-Info.plist */; };
/* End PBXBuildFile section */

/* Begin PBXFileReference section */
		31029B2B2B46915F00F32A66 /* ThreadsClone.app */ = {isa = PBXFileReference; explicitFileType = wrapper.application; includeInIndex = 0; path = ThreadsClone.app; sourceTree = BUILT_PRODUCTS_DIR; };
		31029B2E2B46915F00F32A66 /* ThreadsCloneApp.swift */ = {isa = PBXFileReference; lastKnownFileType = sourcecode.swift; path = ThreadsCloneApp.swift; sourceTree = "<group>"; };
		31029B302B46915F00F32A66 /* ContentView.swift */ = {isa = PBXFileReference; lastKnownFileType = sourcecode.swift; path = ContentView.swift; sourceTree = "<group>"; };
		31029B322B46916000F32A66 /* Assets.xcassets */ = {isa = PBXFileReference; lastKnownFileType = folder.assetcatalog; path = Assets.xcassets; sourceTree = "<group>"; };
		31029B352B46916000F32A66 /* Preview Assets.xcassets */ = {isa = PBXFileReference; lastKnownFileType = folder.assetcatalog; path = "Preview Assets.xcassets"; sourceTree = "<group>"; };
		31029B452B4692B300F32A66 /* LoginView.swift */ = {isa = PBXFileReference; lastKnownFileType = sourcecode.swift; path = LoginView.swift; sourceTree = "<group>"; };
		31029B472B469BBB00F32A66 /* RegistrationView.swift */ = {isa = PBXFileReference; lastKnownFileType = sourcecode.swift; path = RegistrationView.swift; sourceTree = "<group>"; };
		31029B4A2B469E6600F32A66 /* UmbrellaTextFieldModifier.swift */ = {isa = PBXFileReference; lastKnownFileType = sourcecode.swift; path = UmbrellaTextFieldModifier.swift; sourceTree = "<group>"; };
		31029B4D2B46A63900F32A66 /* UmbrellaTabView.swift */ = {isa = PBXFileReference; lastKnownFileType = sourcecode.swift; path = UmbrellaTabView.swift; sourceTree = "<group>"; };
		31029B512B46AB2200F32A66 /* FeedView.swift */ = {isa = PBXFileReference; lastKnownFileType = sourcecode.swift; path = FeedView.swift; sourceTree = "<group>"; };
		31029B552B46AB7900F32A66 /* ExploreView.swift */ = {isa = PBXFileReference; lastKnownFileType = sourcecode.swift; path = ExploreView.swift; sourceTree = "<group>"; };
		31029B592B46ABE700F32A66 /* CreateThreadView.swift */ = {isa = PBXFileReference; lastKnownFileType = sourcecode.swift; path = CreateThreadView.swift; sourceTree = "<group>"; };
		31029B5D2B46AC7500F32A66 /* ActivityView.swift */ = {isa = PBXFileReference; lastKnownFileType = sourcecode.swift; path = ActivityView.swift; sourceTree = "<group>"; };
		31029B622B46ACB200F32A66 /* ProfileView.swift */ = {isa = PBXFileReference; lastKnownFileType = sourcecode.swift; path = ProfileView.swift; sourceTree = "<group>"; };
		3104D1CD2B526A0F00335602 /* RegistrationViewModel.swift */ = {isa = PBXFileReference; lastKnownFileType = sourcecode.swift; path = RegistrationViewModel.swift; sourceTree = "<group>"; };
		3104D1CF2B526B7000335602 /* AuthService.swift */ = {isa = PBXFileReference; lastKnownFileType = sourcecode.swift; path = AuthService.swift; sourceTree = "<group>"; };
		3104D1D32B527AE200335602 /* ContentViewModel.swift */ = {isa = PBXFileReference; lastKnownFileType = sourcecode.swift; path = ContentViewModel.swift; sourceTree = "<group>"; };
		3104D1D52B52884800335602 /* LoginViewModel.swift */ = {isa = PBXFileReference; lastKnownFileType = sourcecode.swift; path = LoginViewModel.swift; sourceTree = "<group>"; };
		31390A982B52BDD200E7B9B6 /* User.swift */ = {isa = PBXFileReference; lastKnownFileType = sourcecode.swift; path = User.swift; sourceTree = "<group>"; };
		31390A9A2B52C2B700E7B9B6 /* UserService.swift */ = {isa = PBXFileReference; lastKnownFileType = sourcecode.swift; path = UserService.swift; sourceTree = "<group>"; };
		31390A9D2B52C54C00E7B9B6 /* ProfileViewModel.swift */ = {isa = PBXFileReference; lastKnownFileType = sourcecode.swift; path = ProfileViewModel.swift; sourceTree = "<group>"; };
		317248F42B493D4E00758348 /* ThreadCell.swift */ = {isa = PBXFileReference; lastKnownFileType = sourcecode.swift; path = ThreadCell.swift; sourceTree = "<group>"; };
		317248F72B496D8D00758348 /* CircularProfileImageView.swift */ = {isa = PBXFileReference; lastKnownFileType = sourcecode.swift; path = CircularProfileImageView.swift; sourceTree = "<group>"; };
		317248F92B496E5000758348 /* UserCell.swift */ = {isa = PBXFileReference; lastKnownFileType = sourcecode.swift; path = UserCell.swift; sourceTree = "<group>"; };
		31A5F4932B4AB5DA002052B9 /* ProfileThreadFilter.swift */ = {isa = PBXFileReference; lastKnownFileType = sourcecode.swift; path = ProfileThreadFilter.swift; sourceTree = "<group>"; };
		31A5F4972B4BD62B002052B9 /* EditProfileView.swift */ = {isa = PBXFileReference; lastKnownFileType = sourcecode.swift; path = EditProfileView.swift; sourceTree = "<group>"; };
		31FD73F32B50352C00077315 /* GoogleService-Info.plist */ = {isa = PBXFileReference; fileEncoding = 4; lastKnownFileType = text.plist.xml; path = "GoogleService-Info.plist"; sourceTree = "<group>"; };
/* End PBXFileReference section */

/* Begin PBXFrameworksBuildPhase section */
		31029B282B46915F00F32A66 /* Frameworks */ = {
			isa = PBXFrameworksBuildPhase;
			buildActionMask = 2147483647;
			files = (
				312190082B5037C4003EA4C5 /* FirebaseAuth in Frameworks */,
				3121900E2B503817003EA4C5 /* FirebaseStorage in Frameworks */,
				3121900A2B5037F2003EA4C5 /* FirebaseFirestore in Frameworks */,
				3121900C2B5037F2003EA4C5 /* FirebaseFirestoreSwift in Frameworks */,
			);
			runOnlyForDeploymentPostprocessing = 0;
		};
/* End PBXFrameworksBuildPhase section */

/* Begin PBXGroup section */
		31029B222B46915F00F32A66 = {
			isa = PBXGroup;
			children = (
				31029B2D2B46915F00F32A66 /* ThreadsClone */,
				31029B2C2B46915F00F32A66 /* Products */,
				312190062B5037C4003EA4C5 /* Frameworks */,
			);
			sourceTree = "<group>";
		};
		31029B2C2B46915F00F32A66 /* Products */ = {
			isa = PBXGroup;
			children = (
				31029B2B2B46915F00F32A66 /* ThreadsClone.app */,
			);
			name = Products;
			sourceTree = "<group>";
		};
		31029B2D2B46915F00F32A66 /* ThreadsClone */ = {
			isa = PBXGroup;
			children = (
				31029B3C2B4691E000F32A66 /* App */,
				31029B3D2B4691EB00F32A66 /* Core */,
				31029B3E2B4691F500F32A66 /* Extensions */,
				31029B3F2B46920600F32A66 /* Model */,
				31029B402B46921800F32A66 /* Services */,
				31029B412B46922600F32A66 /* Utils */,
				31029B322B46916000F32A66 /* Assets.xcassets */,
				31FD73F32B50352C00077315 /* GoogleService-Info.plist */,
				31029B342B46916000F32A66 /* Preview Content */,
			);
			path = ThreadsClone;
			sourceTree = "<group>";
		};
		31029B342B46916000F32A66 /* Preview Content */ = {
			isa = PBXGroup;
			children = (
				31029B352B46916000F32A66 /* Preview Assets.xcassets */,
			);
			path = "Preview Content";
			sourceTree = "<group>";
		};
		31029B3C2B4691E000F32A66 /* App */ = {
			isa = PBXGroup;
			children = (
				31029B2E2B46915F00F32A66 /* ThreadsCloneApp.swift */,
			);
			path = App;
			sourceTree = "<group>";
		};
		31029B3D2B4691EB00F32A66 /* Core */ = {
			isa = PBXGroup;
			children = (
				31029B5B2B46AC6100F32A66 /* Activity */,
				31029B422B46925E00F32A66 /* Authentication */,
				317248F62B496D6000758348 /* Components */,
				31029B532B46AB6600F32A66 /* Explore */,
				31029B4F2B46AAFF00F32A66 /* Feed */,
				31029B5F2B46AC9A00F32A66 /* Profile */,
				31029B432B46927700F32A66 /* Root */,
				31029B4C2B46A5FE00F32A66 /* TabBar */,
				31029B572B46ABC700F32A66 /* ThreadCreation */,
			);
			path = Core;
			sourceTree = "<group>";
		};
		31029B3E2B4691F500F32A66 /* Extensions */ = {
			isa = PBXGroup;
			children = (
			);
			path = Extensions;
			sourceTree = "<group>";
		};
		31029B3F2B46920600F32A66 /* Model */ = {
			isa = PBXGroup;
			children = (
				31390A982B52BDD200E7B9B6 /* User.swift */,
			);
			path = Model;
			sourceTree = "<group>";
		};
		31029B402B46921800F32A66 /* Services */ = {
			isa = PBXGroup;
			children = (
				31390A9A2B52C2B700E7B9B6 /* UserService.swift */,
			);
			path = Services;
			sourceTree = "<group>";
		};
		31029B412B46922600F32A66 /* Utils */ = {
			isa = PBXGroup;
			children = (
				31029B492B469E2400F32A66 /* ViewModifiers */,
			);
			path = Utils;
			sourceTree = "<group>";
		};
		31029B422B46925E00F32A66 /* Authentication */ = {
			isa = PBXGroup;
			children = (
				3104D1CC2B5269A800335602 /* Service */,
				3104D1CB2B52699B00335602 /* ViewModel */,
				31029B442B46929D00F32A66 /* Views */,
			);
			path = Authentication;
			sourceTree = "<group>";
		};
		31029B432B46927700F32A66 /* Root */ = {
			isa = PBXGroup;
			children = (
				3104D1D22B527AB700335602 /* ViewModel */,
				3104D1D12B527AB000335602 /* View */,
			);
			path = Root;
			sourceTree = "<group>";
		};
		31029B442B46929D00F32A66 /* Views */ = {
			isa = PBXGroup;
			children = (
				31029B452B4692B300F32A66 /* LoginView.swift */,
				31029B472B469BBB00F32A66 /* RegistrationView.swift */,
			);
			path = Views;
			sourceTree = "<group>";
		};
		31029B492B469E2400F32A66 /* ViewModifiers */ = {
			isa = PBXGroup;
			children = (
				31029B4A2B469E6600F32A66 /* UmbrellaTextFieldModifier.swift */,
			);
			path = ViewModifiers;
			sourceTree = "<group>";
		};
		31029B4C2B46A5FE00F32A66 /* TabBar */ = {
			isa = PBXGroup;
			children = (
				31029B4D2B46A63900F32A66 /* UmbrellaTabView.swift */,
			);
			path = TabBar;
			sourceTree = "<group>";
		};
		31029B4F2B46AAFF00F32A66 /* Feed */ = {
			isa = PBXGroup;
			children = (
				31029B502B46AB1100F32A66 /* View */,
			);
			path = Feed;
			sourceTree = "<group>";
		};
		31029B502B46AB1100F32A66 /* View */ = {
			isa = PBXGroup;
			children = (
				31029B512B46AB2200F32A66 /* FeedView.swift */,
				317248F42B493D4E00758348 /* ThreadCell.swift */,
			);
			path = View;
			sourceTree = "<group>";
		};
		31029B532B46AB6600F32A66 /* Explore */ = {
			isa = PBXGroup;
			children = (
				31029B542B46AB6D00F32A66 /* View */,
			);
			path = Explore;
			sourceTree = "<group>";
		};
		31029B542B46AB6D00F32A66 /* View */ = {
			isa = PBXGroup;
			children = (
				31029B552B46AB7900F32A66 /* ExploreView.swift */,
			);
			path = View;
			sourceTree = "<group>";
		};
		31029B572B46ABC700F32A66 /* ThreadCreation */ = {
			isa = PBXGroup;
			children = (
				31029B582B46ABDB00F32A66 /* View */,
			);
			path = ThreadCreation;
			sourceTree = "<group>";
		};
		31029B582B46ABDB00F32A66 /* View */ = {
			isa = PBXGroup;
			children = (
				31029B592B46ABE700F32A66 /* CreateThreadView.swift */,
			);
			path = View;
			sourceTree = "<group>";
		};
		31029B5B2B46AC6100F32A66 /* Activity */ = {
			isa = PBXGroup;
			children = (
				31029B5C2B46AC6A00F32A66 /* View */,
			);
			path = Activity;
			sourceTree = "<group>";
		};
		31029B5C2B46AC6A00F32A66 /* View */ = {
			isa = PBXGroup;
			children = (
				31029B5D2B46AC7500F32A66 /* ActivityView.swift */,
			);
			path = View;
			sourceTree = "<group>";
		};
		31029B5F2B46AC9A00F32A66 /* Profile */ = {
			isa = PBXGroup;
			children = (
				31A5F4952B4BD5BA002052B9 /* EditProfile */,
				31A5F4922B4AB5B6002052B9 /* Model */,
				31390A9C2B52C51800E7B9B6 /* ViewModel */,
				31029B612B46ACA700F32A66 /* View */,
			);
			path = Profile;
			sourceTree = "<group>";
		};
		31029B612B46ACA700F32A66 /* View */ = {
			isa = PBXGroup;
			children = (
				31029B622B46ACB200F32A66 /* ProfileView.swift */,
			);
			path = View;
			sourceTree = "<group>";
		};
		3104D1CB2B52699B00335602 /* ViewModel */ = {
			isa = PBXGroup;
			children = (
				3104D1CD2B526A0F00335602 /* RegistrationViewModel.swift */,
				3104D1D52B52884800335602 /* LoginViewModel.swift */,
			);
			path = ViewModel;
			sourceTree = "<group>";
		};
		3104D1CC2B5269A800335602 /* Service */ = {
			isa = PBXGroup;
			children = (
				3104D1CF2B526B7000335602 /* AuthService.swift */,
			);
			path = Service;
			sourceTree = "<group>";
		};
		3104D1D12B527AB000335602 /* View */ = {
			isa = PBXGroup;
			children = (
				31029B302B46915F00F32A66 /* ContentView.swift */,
			);
			path = View;
			sourceTree = "<group>";
		};
		3104D1D22B527AB700335602 /* ViewModel */ = {
			isa = PBXGroup;
			children = (
				3104D1D32B527AE200335602 /* ContentViewModel.swift */,
			);
			path = ViewModel;
			sourceTree = "<group>";
		};
		312190062B5037C4003EA4C5 /* Frameworks */ = {
			isa = PBXGroup;
			children = (
			);
			name = Frameworks;
			sourceTree = "<group>";
		};
		31390A9C2B52C51800E7B9B6 /* ViewModel */ = {
			isa = PBXGroup;
			children = (
				31390A9D2B52C54C00E7B9B6 /* ProfileViewModel.swift */,
			);
			path = ViewModel;
			sourceTree = "<group>";
		};
		317248F62B496D6000758348 /* Components */ = {
			isa = PBXGroup;
			children = (
				317248F72B496D8D00758348 /* CircularProfileImageView.swift */,
				317248F92B496E5000758348 /* UserCell.swift */,
			);
			path = Components;
			sourceTree = "<group>";
		};
		31A5F4922B4AB5B6002052B9 /* Model */ = {
			isa = PBXGroup;
			children = (
				31A5F4932B4AB5DA002052B9 /* ProfileThreadFilter.swift */,
			);
			path = Model;
			sourceTree = "<group>";
		};
		31A5F4952B4BD5BA002052B9 /* EditProfile */ = {
			isa = PBXGroup;
			children = (
				31A5F4962B4BD610002052B9 /* View */,
			);
			path = EditProfile;
			sourceTree = "<group>";
		};
		31A5F4962B4BD610002052B9 /* View */ = {
			isa = PBXGroup;
			children = (
				31A5F4972B4BD62B002052B9 /* EditProfileView.swift */,
			);
			path = View;
			sourceTree = "<group>";
		};
/* End PBXGroup section */

/* Begin PBXNativeTarget section */
		31029B2A2B46915F00F32A66 /* ThreadsClone */ = {
			isa = PBXNativeTarget;
			buildConfigurationList = 31029B392B46916000F32A66 /* Build configuration list for PBXNativeTarget "ThreadsClone" */;
			buildPhases = (
				31029B272B46915F00F32A66 /* Sources */,
				31029B282B46915F00F32A66 /* Frameworks */,
				31029B292B46915F00F32A66 /* Resources */,
			);
			buildRules = (
			);
			dependencies = (
			);
			name = ThreadsClone;
			packageProductDependencies = (
				312190072B5037C4003EA4C5 /* FirebaseAuth */,
				312190092B5037F2003EA4C5 /* FirebaseFirestore */,
				3121900B2B5037F2003EA4C5 /* FirebaseFirestoreSwift */,
				3121900D2B503817003EA4C5 /* FirebaseStorage */,
			);
			productName = ThreadsClone;
			productReference = 31029B2B2B46915F00F32A66 /* ThreadsClone.app */;
			productType = "com.apple.product-type.application";
		};
/* End PBXNativeTarget section */

/* Begin PBXProject section */
		31029B232B46915F00F32A66 /* Project object */ = {
			isa = PBXProject;
			attributes = {
				BuildIndependentTargetsInParallel = 1;
				LastSwiftUpdateCheck = 1510;
				LastUpgradeCheck = 1510;
				TargetAttributes = {
					31029B2A2B46915F00F32A66 = {
						CreatedOnToolsVersion = 15.1;
					};
				};
			};
			buildConfigurationList = 31029B262B46915F00F32A66 /* Build configuration list for PBXProject "ThreadsClone" */;
			compatibilityVersion = "Xcode 14.0";
			developmentRegion = en;
			hasScannedForEncodings = 0;
			knownRegions = (
				en,
				Base,
			);
			mainGroup = 31029B222B46915F00F32A66;
			packageReferences = (
				31218FCF2B503757003EA4C5 /* XCRemoteSwiftPackageReference "firebase-ios-sdk" */,
			);
			productRefGroup = 31029B2C2B46915F00F32A66 /* Products */;
			projectDirPath = "";
			projectRoot = "";
			targets = (
				31029B2A2B46915F00F32A66 /* ThreadsClone */,
			);
		};
/* End PBXProject section */

/* Begin PBXResourcesBuildPhase section */
		31029B292B46915F00F32A66 /* Resources */ = {
			isa = PBXResourcesBuildPhase;
			buildActionMask = 2147483647;
			files = (
				31029B362B46916000F32A66 /* Preview Assets.xcassets in Resources */,
				31029B332B46916000F32A66 /* Assets.xcassets in Resources */,
				31FD73F42B50352C00077315 /* GoogleService-Info.plist in Resources */,
			);
			runOnlyForDeploymentPostprocessing = 0;
		};
/* End PBXResourcesBuildPhase section */

/* Begin PBXSourcesBuildPhase section */
		31029B272B46915F00F32A66 /* Sources */ = {
			isa = PBXSourcesBuildPhase;
			buildActionMask = 2147483647;
			files = (
				31029B522B46AB2200F32A66 /* FeedView.swift in Sources */,
				3104D1CE2B526A0F00335602 /* RegistrationViewModel.swift in Sources */,
				31029B4B2B469E6600F32A66 /* UmbrellaTextFieldModifier.swift in Sources */,
				3104D1D02B526B7000335602 /* AuthService.swift in Sources */,
				31A5F4982B4BD62B002052B9 /* EditProfileView.swift in Sources */,
				31029B5A2B46ABE700F32A66 /* CreateThreadView.swift in Sources */,
				31390A9B2B52C2B700E7B9B6 /* UserService.swift in Sources */,
				317248F52B493D4E00758348 /* ThreadCell.swift in Sources */,
				31029B5E2B46AC7500F32A66 /* ActivityView.swift in Sources */,
				3104D1D62B52884800335602 /* LoginViewModel.swift in Sources */,
				317248F82B496D8D00758348 /* CircularProfileImageView.swift in Sources */,
				317248FA2B496E5000758348 /* UserCell.swift in Sources */,
				31029B462B4692B300F32A66 /* LoginView.swift in Sources */,
				31A5F4942B4AB5DB002052B9 /* ProfileThreadFilter.swift in Sources */,
				3104D1D42B527AE200335602 /* ContentViewModel.swift in Sources */,
				31390A9E2B52C54C00E7B9B6 /* ProfileViewModel.swift in Sources */,
				31029B4E2B46A63900F32A66 /* UmbrellaTabView.swift in Sources */,
				31029B312B46915F00F32A66 /* ContentView.swift in Sources */,
				31029B2F2B46915F00F32A66 /* ThreadsCloneApp.swift in Sources */,
				31029B562B46AB7900F32A66 /* ExploreView.swift in Sources */,
				31029B632B46ACB200F32A66 /* ProfileView.swift in Sources */,
				31029B482B469BBB00F32A66 /* RegistrationView.swift in Sources */,
				31390A992B52BDD200E7B9B6 /* User.swift in Sources */,
			);
			runOnlyForDeploymentPostprocessing = 0;
		};
/* End PBXSourcesBuildPhase section */

/* Begin XCBuildConfiguration section */
		31029B372B46916000F32A66 /* Debug */ = {
			isa = XCBuildConfiguration;
			buildSettings = {
				ALWAYS_SEARCH_USER_PATHS = NO;
				ASSETCATALOG_COMPILER_GENERATE_SWIFT_ASSET_SYMBOL_EXTENSIONS = YES;
				CLANG_ANALYZER_NONNULL = YES;
				CLANG_ANALYZER_NUMBER_OBJECT_CONVERSION = YES_AGGRESSIVE;
				CLANG_CXX_LANGUAGE_STANDARD = "gnu++20";
				CLANG_ENABLE_MODULES = YES;
				CLANG_ENABLE_OBJC_ARC = YES;
				CLANG_ENABLE_OBJC_WEAK = YES;
				CLANG_WARN_BLOCK_CAPTURE_AUTORELEASING = YES;
				CLANG_WARN_BOOL_CONVERSION = YES;
				CLANG_WARN_COMMA = YES;
				CLANG_WARN_CONSTANT_CONVERSION = YES;
				CLANG_WARN_DEPRECATED_OBJC_IMPLEMENTATIONS = YES;
				CLANG_WARN_DIRECT_OBJC_ISA_USAGE = YES_ERROR;
				CLANG_WARN_DOCUMENTATION_COMMENTS = YES;
				CLANG_WARN_EMPTY_BODY = YES;
				CLANG_WARN_ENUM_CONVERSION = YES;
				CLANG_WARN_INFINITE_RECURSION = YES;
				CLANG_WARN_INT_CONVERSION = YES;
				CLANG_WARN_NON_LITERAL_NULL_CONVERSION = YES;
				CLANG_WARN_OBJC_IMPLICIT_RETAIN_SELF = YES;
				CLANG_WARN_OBJC_LITERAL_CONVERSION = YES;
				CLANG_WARN_OBJC_ROOT_CLASS = YES_ERROR;
				CLANG_WARN_QUOTED_INCLUDE_IN_FRAMEWORK_HEADER = YES;
				CLANG_WARN_RANGE_LOOP_ANALYSIS = YES;
				CLANG_WARN_STRICT_PROTOTYPES = YES;
				CLANG_WARN_SUSPICIOUS_MOVE = YES;
				CLANG_WARN_UNGUARDED_AVAILABILITY = YES_AGGRESSIVE;
				CLANG_WARN_UNREACHABLE_CODE = YES;
				CLANG_WARN__DUPLICATE_METHOD_MATCH = YES;
				COPY_PHASE_STRIP = NO;
				DEBUG_INFORMATION_FORMAT = dwarf;
				ENABLE_STRICT_OBJC_MSGSEND = YES;
				ENABLE_TESTABILITY = YES;
				ENABLE_USER_SCRIPT_SANDBOXING = YES;
				GCC_C_LANGUAGE_STANDARD = gnu17;
				GCC_DYNAMIC_NO_PIC = NO;
				GCC_NO_COMMON_BLOCKS = YES;
				GCC_OPTIMIZATION_LEVEL = 0;
				GCC_PREPROCESSOR_DEFINITIONS = (
					"DEBUG=1",
					"$(inherited)",
				);
				GCC_WARN_64_TO_32_BIT_CONVERSION = YES;
				GCC_WARN_ABOUT_RETURN_TYPE = YES_ERROR;
				GCC_WARN_UNDECLARED_SELECTOR = YES;
				GCC_WARN_UNINITIALIZED_AUTOS = YES_AGGRESSIVE;
				GCC_WARN_UNUSED_FUNCTION = YES;
				GCC_WARN_UNUSED_VARIABLE = YES;
				IPHONEOS_DEPLOYMENT_TARGET = 17.2;
				LOCALIZATION_PREFERS_STRING_CATALOGS = YES;
				MTL_ENABLE_DEBUG_INFO = INCLUDE_SOURCE;
				MTL_FAST_MATH = YES;
				ONLY_ACTIVE_ARCH = YES;
				SDKROOT = iphoneos;
				SWIFT_ACTIVE_COMPILATION_CONDITIONS = "DEBUG $(inherited)";
				SWIFT_OPTIMIZATION_LEVEL = "-Onone";
			};
			name = Debug;
		};
		31029B382B46916000F32A66 /* Release */ = {
			isa = XCBuildConfiguration;
			buildSettings = {
				ALWAYS_SEARCH_USER_PATHS = NO;
				ASSETCATALOG_COMPILER_GENERATE_SWIFT_ASSET_SYMBOL_EXTENSIONS = YES;
				CLANG_ANALYZER_NONNULL = YES;
				CLANG_ANALYZER_NUMBER_OBJECT_CONVERSION = YES_AGGRESSIVE;
				CLANG_CXX_LANGUAGE_STANDARD = "gnu++20";
				CLANG_ENABLE_MODULES = YES;
				CLANG_ENABLE_OBJC_ARC = YES;
				CLANG_ENABLE_OBJC_WEAK = YES;
				CLANG_WARN_BLOCK_CAPTURE_AUTORELEASING = YES;
				CLANG_WARN_BOOL_CONVERSION = YES;
				CLANG_WARN_COMMA = YES;
				CLANG_WARN_CONSTANT_CONVERSION = YES;
				CLANG_WARN_DEPRECATED_OBJC_IMPLEMENTATIONS = YES;
				CLANG_WARN_DIRECT_OBJC_ISA_USAGE = YES_ERROR;
				CLANG_WARN_DOCUMENTATION_COMMENTS = YES;
				CLANG_WARN_EMPTY_BODY = YES;
				CLANG_WARN_ENUM_CONVERSION = YES;
				CLANG_WARN_INFINITE_RECURSION = YES;
				CLANG_WARN_INT_CONVERSION = YES;
				CLANG_WARN_NON_LITERAL_NULL_CONVERSION = YES;
				CLANG_WARN_OBJC_IMPLICIT_RETAIN_SELF = YES;
				CLANG_WARN_OBJC_LITERAL_CONVERSION = YES;
				CLANG_WARN_OBJC_ROOT_CLASS = YES_ERROR;
				CLANG_WARN_QUOTED_INCLUDE_IN_FRAMEWORK_HEADER = YES;
				CLANG_WARN_RANGE_LOOP_ANALYSIS = YES;
				CLANG_WARN_STRICT_PROTOTYPES = YES;
				CLANG_WARN_SUSPICIOUS_MOVE = YES;
				CLANG_WARN_UNGUARDED_AVAILABILITY = YES_AGGRESSIVE;
				CLANG_WARN_UNREACHABLE_CODE = YES;
				CLANG_WARN__DUPLICATE_METHOD_MATCH = YES;
				COPY_PHASE_STRIP = NO;
				DEBUG_INFORMATION_FORMAT = "dwarf-with-dsym";
				ENABLE_NS_ASSERTIONS = NO;
				ENABLE_STRICT_OBJC_MSGSEND = YES;
				ENABLE_USER_SCRIPT_SANDBOXING = YES;
				GCC_C_LANGUAGE_STANDARD = gnu17;
				GCC_NO_COMMON_BLOCKS = YES;
				GCC_WARN_64_TO_32_BIT_CONVERSION = YES;
				GCC_WARN_ABOUT_RETURN_TYPE = YES_ERROR;
				GCC_WARN_UNDECLARED_SELECTOR = YES;
				GCC_WARN_UNINITIALIZED_AUTOS = YES_AGGRESSIVE;
				GCC_WARN_UNUSED_FUNCTION = YES;
				GCC_WARN_UNUSED_VARIABLE = YES;
				IPHONEOS_DEPLOYMENT_TARGET = 17.2;
				LOCALIZATION_PREFERS_STRING_CATALOGS = YES;
				MTL_ENABLE_DEBUG_INFO = NO;
				MTL_FAST_MATH = YES;
				SDKROOT = iphoneos;
				SWIFT_COMPILATION_MODE = wholemodule;
				VALIDATE_PRODUCT = YES;
			};
			name = Release;
		};
		31029B3A2B46916000F32A66 /* Debug */ = {
			isa = XCBuildConfiguration;
			buildSettings = {
				ASSETCATALOG_COMPILER_APPICON_NAME = AppIcon;
				ASSETCATALOG_COMPILER_GLOBAL_ACCENT_COLOR_NAME = AccentColor;
				CODE_SIGN_IDENTITY = "Apple Development";
				CODE_SIGN_STYLE = Automatic;
				CURRENT_PROJECT_VERSION = 1;
				DEVELOPMENT_ASSET_PATHS = "\"ThreadsClone/Preview Content\"";
				DEVELOPMENT_TEAM = MWX8MMU36D;
				ENABLE_PREVIEWS = YES;
				GENERATE_INFOPLIST_FILE = YES;
				INFOPLIST_KEY_UIApplicationSceneManifest_Generation = YES;
				INFOPLIST_KEY_UIApplicationSupportsIndirectInputEvents = YES;
				INFOPLIST_KEY_UILaunchScreen_Generation = YES;
				INFOPLIST_KEY_UISupportedInterfaceOrientations_iPad = "UIInterfaceOrientationPortrait UIInterfaceOrientationPortraitUpsideDown UIInterfaceOrientationLandscapeLeft UIInterfaceOrientationLandscapeRight";
				INFOPLIST_KEY_UISupportedInterfaceOrientations_iPhone = "UIInterfaceOrientationPortrait UIInterfaceOrientationLandscapeLeft UIInterfaceOrientationLandscapeRight";
				IPHONEOS_DEPLOYMENT_TARGET = 17.1;
				LD_RUNPATH_SEARCH_PATHS = (
					"$(inherited)",
					"@executable_path/Frameworks",
				);
				MARKETING_VERSION = 1.0;
				PRODUCT_BUNDLE_IDENTIFIER = com.vladimirmoor.umbrellasThread;
				PRODUCT_NAME = "$(TARGET_NAME)";
				PROVISIONING_PROFILE_SPECIFIER = "";
				SWIFT_EMIT_LOC_STRINGS = YES;
				SWIFT_VERSION = 5.0;
				TARGETED_DEVICE_FAMILY = "1,2";
			};
			name = Debug;
		};
		31029B3B2B46916000F32A66 /* Release */ = {
			isa = XCBuildConfiguration;
			buildSettings = {
				ASSETCATALOG_COMPILER_APPICON_NAME = AppIcon;
				ASSETCATALOG_COMPILER_GLOBAL_ACCENT_COLOR_NAME = AccentColor;
				CODE_SIGN_IDENTITY = "Apple Development";
				CODE_SIGN_STYLE = Automatic;
				CURRENT_PROJECT_VERSION = 1;
				DEVELOPMENT_ASSET_PATHS = "\"ThreadsClone/Preview Content\"";
				DEVELOPMENT_TEAM = MWX8MMU36D;
				ENABLE_PREVIEWS = YES;
				GENERATE_INFOPLIST_FILE = YES;
				INFOPLIST_KEY_UIApplicationSceneManifest_Generation = YES;
				INFOPLIST_KEY_UIApplicationSupportsIndirectInputEvents = YES;
				INFOPLIST_KEY_UILaunchScreen_Generation = YES;
				INFOPLIST_KEY_UISupportedInterfaceOrientations_iPad = "UIInterfaceOrientationPortrait UIInterfaceOrientationPortraitUpsideDown UIInterfaceOrientationLandscapeLeft UIInterfaceOrientationLandscapeRight";
				INFOPLIST_KEY_UISupportedInterfaceOrientations_iPhone = "UIInterfaceOrientationPortrait UIInterfaceOrientationLandscapeLeft UIInterfaceOrientationLandscapeRight";
				IPHONEOS_DEPLOYMENT_TARGET = 17.1;
				LD_RUNPATH_SEARCH_PATHS = (
					"$(inherited)",
					"@executable_path/Frameworks",
				);
				MARKETING_VERSION = 1.0;
				PRODUCT_BUNDLE_IDENTIFIER = com.vladimirmoor.umbrellasThread;
				PRODUCT_NAME = "$(TARGET_NAME)";
				PROVISIONING_PROFILE_SPECIFIER = "";
				SWIFT_EMIT_LOC_STRINGS = YES;
				SWIFT_VERSION = 5.0;
				TARGETED_DEVICE_FAMILY = "1,2";
			};
			name = Release;
		};
/* End XCBuildConfiguration section */

/* Begin XCConfigurationList section */
		31029B262B46915F00F32A66 /* Build configuration list for PBXProject "ThreadsClone" */ = {
			isa = XCConfigurationList;
			buildConfigurations = (
				31029B372B46916000F32A66 /* Debug */,
				31029B382B46916000F32A66 /* Release */,
			);
			defaultConfigurationIsVisible = 0;
			defaultConfigurationName = Release;
		};
		31029B392B46916000F32A66 /* Build configuration list for PBXNativeTarget "ThreadsClone" */ = {
			isa = XCConfigurationList;
			buildConfigurations = (
				31029B3A2B46916000F32A66 /* Debug */,
				31029B3B2B46916000F32A66 /* Release */,
			);
			defaultConfigurationIsVisible = 0;
			defaultConfigurationName = Release;
		};
/* End XCConfigurationList section */

/* Begin XCRemoteSwiftPackageReference section */
		31218FCF2B503757003EA4C5 /* XCRemoteSwiftPackageReference "firebase-ios-sdk" */ = {
			isa = XCRemoteSwiftPackageReference;
			repositoryURL = "https://github.com/firebase/firebase-ios-sdk";
			requirement = {
				kind = upToNextMajorVersion;
				minimumVersion = 10.19.1;
			};
		};
/* End XCRemoteSwiftPackageReference section */

/* Begin XCSwiftPackageProductDependency section */
		312190072B5037C4003EA4C5 /* FirebaseAuth */ = {
			isa = XCSwiftPackageProductDependency;
			package = 31218FCF2B503757003EA4C5 /* XCRemoteSwiftPackageReference "firebase-ios-sdk" */;
			productName = FirebaseAuth;
		};
		312190092B5037F2003EA4C5 /* FirebaseFirestore */ = {
			isa = XCSwiftPackageProductDependency;
			package = 31218FCF2B503757003EA4C5 /* XCRemoteSwiftPackageReference "firebase-ios-sdk" */;
			productName = FirebaseFirestore;
		};
		3121900B2B5037F2003EA4C5 /* FirebaseFirestoreSwift */ = {
			isa = XCSwiftPackageProductDependency;
			package = 31218FCF2B503757003EA4C5 /* XCRemoteSwiftPackageReference "firebase-ios-sdk" */;
			productName = FirebaseFirestoreSwift;
		};
		3121900D2B503817003EA4C5 /* FirebaseStorage */ = {
			isa = XCSwiftPackageProductDependency;
			package = 31218FCF2B503757003EA4C5 /* XCRemoteSwiftPackageReference "firebase-ios-sdk" */;
			productName = FirebaseStorage;
		};
/* End XCSwiftPackageProductDependency section */
	};
	rootObject = 31029B232B46915F00F32A66 /* Project object */;
}
